// !$*UTF8*$!
{
	archiveVersion = 1;
	classes = {
	};
	objectVersion = 46;
	objects = {

/* Begin PBXBuildFile section */
		000335B81B27C6B6008C973D /* GCDAsyncSocket.h in Headers */ = {isa = PBXBuildFile; fileRef = 000334D71B27C6B5008C973D /* GCDAsyncSocket.h */; settings = {ATTRIBUTES = (Public, ); }; };
		000335B91B27C6B6008C973D /* GCDAsyncSocket.m in Sources */ = {isa = PBXBuildFile; fileRef = 000334D81B27C6B5008C973D /* GCDAsyncSocket.m */; };
		000335BA1B27C6B6008C973D /* GCDAsyncUdpSocket.h in Headers */ = {isa = PBXBuildFile; fileRef = 000334D91B27C6B5008C973D /* GCDAsyncUdpSocket.h */; settings = {ATTRIBUTES = (Public, ); }; };
		000335BB1B27C6B6008C973D /* GCDAsyncUdpSocket.m in Sources */ = {isa = PBXBuildFile; fileRef = 000334DA1B27C6B5008C973D /* GCDAsyncUdpSocket.m */; };
		0003369D1B27C6C9008C973D /* AsyncSocket.h in Headers */ = {isa = PBXBuildFile; fileRef = 000336591B27C6C9008C973D /* AsyncSocket.h */; settings = {ATTRIBUTES = (Public, ); }; };
		0003369E1B27C6C9008C973D /* AsyncSocket.m in Sources */ = {isa = PBXBuildFile; fileRef = 0003365A1B27C6C9008C973D /* AsyncSocket.m */; };
		0003369F1B27C6C9008C973D /* AsyncUdpSocket.h in Headers */ = {isa = PBXBuildFile; fileRef = 0003365B1B27C6C9008C973D /* AsyncUdpSocket.h */; settings = {ATTRIBUTES = (Public, ); }; };
		000336A01B27C6C9008C973D /* AsyncUdpSocket.m in Sources */ = {isa = PBXBuildFile; fileRef = 0003365C1B27C6C9008C973D /* AsyncUdpSocket.m */; };
		003630F51B27C621007691A1 /* CocoaAsyncSocket.h in Headers */ = {isa = PBXBuildFile; fileRef = 003630F41B27C620007691A1 /* CocoaAsyncSocket.h */; settings = {ATTRIBUTES = (Public, ); }; };
/* End PBXBuildFile section */

/* Begin PBXFileReference section */
		000334D71B27C6B5008C973D /* GCDAsyncSocket.h */ = {isa = PBXFileReference; fileEncoding = 4; lastKnownFileType = sourcecode.c.h; path = GCDAsyncSocket.h; sourceTree = "<group>"; };
		000334D81B27C6B5008C973D /* GCDAsyncSocket.m */ = {isa = PBXFileReference; fileEncoding = 4; lastKnownFileType = sourcecode.c.objc; path = GCDAsyncSocket.m; sourceTree = "<group>"; };
		000334D91B27C6B5008C973D /* GCDAsyncUdpSocket.h */ = {isa = PBXFileReference; fileEncoding = 4; lastKnownFileType = sourcecode.c.h; path = GCDAsyncUdpSocket.h; sourceTree = "<group>"; };
		000334DA1B27C6B5008C973D /* GCDAsyncUdpSocket.m */ = {isa = PBXFileReference; fileEncoding = 4; lastKnownFileType = sourcecode.c.objc; path = GCDAsyncUdpSocket.m; sourceTree = "<group>"; };
		000336591B27C6C9008C973D /* AsyncSocket.h */ = {isa = PBXFileReference; fileEncoding = 4; lastKnownFileType = sourcecode.c.h; path = AsyncSocket.h; sourceTree = "<group>"; };
		0003365A1B27C6C9008C973D /* AsyncSocket.m */ = {isa = PBXFileReference; fileEncoding = 4; lastKnownFileType = sourcecode.c.objc; path = AsyncSocket.m; sourceTree = "<group>"; };
		0003365B1B27C6C9008C973D /* AsyncUdpSocket.h */ = {isa = PBXFileReference; fileEncoding = 4; lastKnownFileType = sourcecode.c.h; path = AsyncUdpSocket.h; sourceTree = "<group>"; };
		0003365C1B27C6C9008C973D /* AsyncUdpSocket.m */ = {isa = PBXFileReference; fileEncoding = 4; lastKnownFileType = sourcecode.c.objc; path = AsyncUdpSocket.m; sourceTree = "<group>"; };
		003630EF1B27C620007691A1 /* CocoaAsyncSocket.framework */ = {isa = PBXFileReference; explicitFileType = wrapper.framework; includeInIndex = 0; path = CocoaAsyncSocket.framework; sourceTree = BUILT_PRODUCTS_DIR; };
		003630F31B27C620007691A1 /* Info.plist */ = {isa = PBXFileReference; lastKnownFileType = text.plist.xml; path = Info.plist; sourceTree = "<group>"; };
		003630F41B27C620007691A1 /* CocoaAsyncSocket.h */ = {isa = PBXFileReference; lastKnownFileType = sourcecode.c.h; path = CocoaAsyncSocket.h; sourceTree = "<group>"; };
		003631001B27C621007691A1 /* Info.plist */ = {isa = PBXFileReference; lastKnownFileType = text.plist.xml; path = Info.plist; sourceTree = "<group>"; };
		003631011B27C621007691A1 /* CocoaAsyncSocketTests.m */ = {isa = PBXFileReference; lastKnownFileType = sourcecode.c.objc; path = CocoaAsyncSocketTests.m; sourceTree = "<group>"; };
/* End PBXFileReference section */

/* Begin PBXFrameworksBuildPhase section */
		003630EB1B27C620007691A1 /* Frameworks */ = {
			isa = PBXFrameworksBuildPhase;
			buildActionMask = 2147483647;
			files = (
			);
			runOnlyForDeploymentPostprocessing = 0;
		};
/* End PBXFrameworksBuildPhase section */

/* Begin PBXGroup section */
		000334D51B27C6B5008C973D /* GCD */ = {
			isa = PBXGroup;
			children = (
				000334D71B27C6B5008C973D /* GCDAsyncSocket.h */,
				000334D81B27C6B5008C973D /* GCDAsyncSocket.m */,
				000334D91B27C6B5008C973D /* GCDAsyncUdpSocket.h */,
				000334DA1B27C6B5008C973D /* GCDAsyncUdpSocket.m */,
			);
			path = GCD;
			sourceTree = SOURCE_ROOT;
		};
		000336581B27C6C9008C973D /* RunLoop */ = {
			isa = PBXGroup;
			children = (
				000336591B27C6C9008C973D /* AsyncSocket.h */,
				0003365A1B27C6C9008C973D /* AsyncSocket.m */,
				0003365B1B27C6C9008C973D /* AsyncUdpSocket.h */,
				0003365C1B27C6C9008C973D /* AsyncUdpSocket.m */,
			);
			path = RunLoop;
			sourceTree = SOURCE_ROOT;
		};
		003630E51B27C620007691A1 = {
			isa = PBXGroup;
			children = (
				003630F11B27C620007691A1 /* CocoaAsyncSocket */,
				003630FE1B27C621007691A1 /* CocoaAsyncSocketTests */,
				003630F01B27C620007691A1 /* Products */,
			);
			sourceTree = "<group>";
		};
		003630F01B27C620007691A1 /* Products */ = {
			isa = PBXGroup;
			children = (
				003630EF1B27C620007691A1 /* CocoaAsyncSocket.framework */,
			);
			name = Products;
			sourceTree = "<group>";
		};
		003630F11B27C620007691A1 /* CocoaAsyncSocket */ = {
			isa = PBXGroup;
			children = (
				000334D51B27C6B5008C973D /* GCD */,
				000336581B27C6C9008C973D /* RunLoop */,
				003630F41B27C620007691A1 /* CocoaAsyncSocket.h */,
				003630F21B27C620007691A1 /* Supporting Files */,
			);
			path = CocoaAsyncSocket;
			sourceTree = "<group>";
		};
		003630F21B27C620007691A1 /* Supporting Files */ = {
			isa = PBXGroup;
			children = (
				003630F31B27C620007691A1 /* Info.plist */,
			);
			name = "Supporting Files";
			sourceTree = "<group>";
		};
		003630FE1B27C621007691A1 /* CocoaAsyncSocketTests */ = {
			isa = PBXGroup;
			children = (
				003631011B27C621007691A1 /* CocoaAsyncSocketTests.m */,
				003630FF1B27C621007691A1 /* Supporting Files */,
			);
			path = CocoaAsyncSocketTests;
			sourceTree = "<group>";
		};
		003630FF1B27C621007691A1 /* Supporting Files */ = {
			isa = PBXGroup;
			children = (
				003631001B27C621007691A1 /* Info.plist */,
			);
			name = "Supporting Files";
			sourceTree = "<group>";
		};
/* End PBXGroup section */

/* Begin PBXHeadersBuildPhase section */
		003630EC1B27C620007691A1 /* Headers */ = {
			isa = PBXHeadersBuildPhase;
			buildActionMask = 2147483647;
			files = (
				003630F51B27C621007691A1 /* CocoaAsyncSocket.h in Headers */,
				0003369F1B27C6C9008C973D /* AsyncUdpSocket.h in Headers */,
				000335BA1B27C6B6008C973D /* GCDAsyncUdpSocket.h in Headers */,
				0003369D1B27C6C9008C973D /* AsyncSocket.h in Headers */,
				000335B81B27C6B6008C973D /* GCDAsyncSocket.h in Headers */,
			);
			runOnlyForDeploymentPostprocessing = 0;
		};
/* End PBXHeadersBuildPhase section */

/* Begin PBXNativeTarget section */
		003630EE1B27C620007691A1 /* CocoaAsyncSocket */ = {
			isa = PBXNativeTarget;
			buildConfigurationList = 003631051B27C621007691A1 /* Build configuration list for PBXNativeTarget "CocoaAsyncSocket" */;
			buildPhases = (
				003630EA1B27C620007691A1 /* Sources */,
				003630EB1B27C620007691A1 /* Frameworks */,
				003630EC1B27C620007691A1 /* Headers */,
				003630ED1B27C620007691A1 /* Resources */,
			);
			buildRules = (
			);
			dependencies = (
			);
			name = CocoaAsyncSocket;
			productName = CocoaAsyncSocket;
			productReference = 003630EF1B27C620007691A1 /* CocoaAsyncSocket.framework */;
			productType = "com.apple.product-type.framework";
		};
/* End PBXNativeTarget section */

/* Begin PBXProject section */
		003630E61B27C620007691A1 /* Project object */ = {
			isa = PBXProject;
			attributes = {
				LastUpgradeCheck = 0630;
				ORGANIZATIONNAME = CocoaAsyncSocket;
				TargetAttributes = {
					003630EE1B27C620007691A1 = {
						CreatedOnToolsVersion = 6.3.2;
					};
				};
			};
			buildConfigurationList = 003630E91B27C620007691A1 /* Build configuration list for PBXProject "CocoaAsyncSocket" */;
			compatibilityVersion = "Xcode 3.2";
			developmentRegion = English;
			hasScannedForEncodings = 0;
			knownRegions = (
				en,
				English,
			);
			mainGroup = 003630E51B27C620007691A1;
			productRefGroup = 003630F01B27C620007691A1 /* Products */;
			projectDirPath = "";
			projectRoot = "";
			targets = (
				003630EE1B27C620007691A1 /* CocoaAsyncSocket */,
			);
		};
/* End PBXProject section */

/* Begin PBXResourcesBuildPhase section */
		003630ED1B27C620007691A1 /* Resources */ = {
			isa = PBXResourcesBuildPhase;
			buildActionMask = 2147483647;
			files = (
			);
			runOnlyForDeploymentPostprocessing = 0;
		};
/* End PBXResourcesBuildPhase section */

/* Begin PBXSourcesBuildPhase section */
		003630EA1B27C620007691A1 /* Sources */ = {
			isa = PBXSourcesBuildPhase;
			buildActionMask = 2147483647;
			files = (
				0003369E1B27C6C9008C973D /* AsyncSocket.m in Sources */,
				000335BB1B27C6B6008C973D /* GCDAsyncUdpSocket.m in Sources */,
				000335B91B27C6B6008C973D /* GCDAsyncSocket.m in Sources */,
				000336A01B27C6C9008C973D /* AsyncUdpSocket.m in Sources */,
			);
			runOnlyForDeploymentPostprocessing = 0;
		};
/* End PBXSourcesBuildPhase section */

/* Begin XCBuildConfiguration section */
		003631031B27C621007691A1 /* Debug */ = {
			isa = XCBuildConfiguration;
			buildSettings = {
				ALWAYS_SEARCH_USER_PATHS = NO;
				CLANG_CXX_LANGUAGE_STANDARD = "gnu++0x";
				CLANG_CXX_LIBRARY = "libc++";
				CLANG_ENABLE_MODULES = YES;
				CLANG_ENABLE_OBJC_ARC = YES;
				CLANG_WARN_BOOL_CONVERSION = YES;
				CLANG_WARN_CONSTANT_CONVERSION = YES;
				CLANG_WARN_DIRECT_OBJC_ISA_USAGE = YES_ERROR;
				CLANG_WARN_EMPTY_BODY = YES;
				CLANG_WARN_ENUM_CONVERSION = YES;
				CLANG_WARN_INT_CONVERSION = YES;
				CLANG_WARN_OBJC_ROOT_CLASS = YES_ERROR;
				CLANG_WARN_UNREACHABLE_CODE = YES;
				CLANG_WARN__DUPLICATE_METHOD_MATCH = YES;
				"CODE_SIGN_IDENTITY[sdk=iphoneos*]" = "iPhone Developer";
				COPY_PHASE_STRIP = NO;
				CURRENT_PROJECT_VERSION = 1;
				DEBUG_INFORMATION_FORMAT = "dwarf-with-dsym";
				ENABLE_STRICT_OBJC_MSGSEND = YES;
				GCC_C_LANGUAGE_STANDARD = gnu99;
				GCC_DYNAMIC_NO_PIC = NO;
				GCC_NO_COMMON_BLOCKS = YES;
				GCC_OPTIMIZATION_LEVEL = 0;
				GCC_PREPROCESSOR_DEFINITIONS = (
					"DEBUG=1",
					"$(inherited)",
				);
				GCC_SYMBOLS_PRIVATE_EXTERN = NO;
				GCC_WARN_64_TO_32_BIT_CONVERSION = YES;
				GCC_WARN_ABOUT_RETURN_TYPE = YES_ERROR;
				GCC_WARN_UNDECLARED_SELECTOR = YES;
				GCC_WARN_UNINITIALIZED_AUTOS = YES_AGGRESSIVE;
				GCC_WARN_UNUSED_FUNCTION = YES;
				GCC_WARN_UNUSED_VARIABLE = YES;
				IPHONEOS_DEPLOYMENT_TARGET = 8.3;
				MTL_ENABLE_DEBUG_INFO = YES;
				ONLY_ACTIVE_ARCH = YES;
				SDKROOT = iphoneos;
				TARGETED_DEVICE_FAMILY = "1,2";
				VERSIONING_SYSTEM = "apple-generic";
				VERSION_INFO_PREFIX = "";
			};
			name = Debug;
		};
		003631041B27C621007691A1 /* Release */ = {
			isa = XCBuildConfiguration;
			buildSettings = {
				ALWAYS_SEARCH_USER_PATHS = NO;
				CLANG_CXX_LANGUAGE_STANDARD = "gnu++0x";
				CLANG_CXX_LIBRARY = "libc++";
				CLANG_ENABLE_MODULES = YES;
				CLANG_ENABLE_OBJC_ARC = YES;
				CLANG_WARN_BOOL_CONVERSION = YES;
				CLANG_WARN_CONSTANT_CONVERSION = YES;
				CLANG_WARN_DIRECT_OBJC_ISA_USAGE = YES_ERROR;
				CLANG_WARN_EMPTY_BODY = YES;
				CLANG_WARN_ENUM_CONVERSION = YES;
				CLANG_WARN_INT_CONVERSION = YES;
				CLANG_WARN_OBJC_ROOT_CLASS = YES_ERROR;
				CLANG_WARN_UNREACHABLE_CODE = YES;
				CLANG_WARN__DUPLICATE_METHOD_MATCH = YES;
				"CODE_SIGN_IDENTITY[sdk=iphoneos*]" = "iPhone Developer";
				COPY_PHASE_STRIP = NO;
				CURRENT_PROJECT_VERSION = 1;
				DEBUG_INFORMATION_FORMAT = "dwarf-with-dsym";
				ENABLE_NS_ASSERTIONS = NO;
				ENABLE_STRICT_OBJC_MSGSEND = YES;
				GCC_C_LANGUAGE_STANDARD = gnu99;
				GCC_NO_COMMON_BLOCKS = YES;
				GCC_WARN_64_TO_32_BIT_CONVERSION = YES;
				GCC_WARN_ABOUT_RETURN_TYPE = YES_ERROR;
				GCC_WARN_UNDECLARED_SELECTOR = YES;
				GCC_WARN_UNINITIALIZED_AUTOS = YES_AGGRESSIVE;
				GCC_WARN_UNUSED_FUNCTION = YES;
				GCC_WARN_UNUSED_VARIABLE = YES;
				IPHONEOS_DEPLOYMENT_TARGET = 8.3;
				MTL_ENABLE_DEBUG_INFO = NO;
				SDKROOT = iphoneos;
				TARGETED_DEVICE_FAMILY = "1,2";
				VALIDATE_PRODUCT = YES;
				VERSIONING_SYSTEM = "apple-generic";
				VERSION_INFO_PREFIX = "";
			};
			name = Release;
		};
		003631061B27C621007691A1 /* Debug */ = {
			isa = XCBuildConfiguration;
			buildSettings = {
				DEFINES_MODULE = YES;
				DYLIB_COMPATIBILITY_VERSION = 1;
				DYLIB_CURRENT_VERSION = 1;
				DYLIB_INSTALL_NAME_BASE = "@rpath";
				INFOPLIST_FILE = CocoaAsyncSocket/Info.plist;
				INSTALL_PATH = "$(LOCAL_LIBRARY_DIR)/Frameworks";
				LD_RUNPATH_SEARCH_PATHS = "$(inherited) @executable_path/Frameworks @loader_path/Frameworks";
				PRODUCT_NAME = "$(TARGET_NAME)";
				SKIP_INSTALL = YES;
			};
			name = Debug;
		};
		003631071B27C621007691A1 /* Release */ = {
			isa = XCBuildConfiguration;
			buildSettings = {
				DEFINES_MODULE = YES;
				DYLIB_COMPATIBILITY_VERSION = 1;
				DYLIB_CURRENT_VERSION = 1;
				DYLIB_INSTALL_NAME_BASE = "@rpath";
				INFOPLIST_FILE = CocoaAsyncSocket/Info.plist;
				INSTALL_PATH = "$(LOCAL_LIBRARY_DIR)/Frameworks";
				LD_RUNPATH_SEARCH_PATHS = "$(inherited) @executable_path/Frameworks @loader_path/Frameworks";
				PRODUCT_NAME = "$(TARGET_NAME)";
				SKIP_INSTALL = YES;
			};
			name = Release;
		};
/* End XCBuildConfiguration section */

/* Begin XCConfigurationList section */
		003630E91B27C620007691A1 /* Build configuration list for PBXProject "CocoaAsyncSocket" */ = {
			isa = XCConfigurationList;
			buildConfigurations = (
				003631031B27C621007691A1 /* Debug */,
				003631041B27C621007691A1 /* Release */,
			);
			defaultConfigurationIsVisible = 0;
			defaultConfigurationName = Release;
		};
		003631051B27C621007691A1 /* Build configuration list for PBXNativeTarget "CocoaAsyncSocket" */ = {
			isa = XCConfigurationList;
			buildConfigurations = (
				003631061B27C621007691A1 /* Debug */,
				003631071B27C621007691A1 /* Release */,
			);
			defaultConfigurationIsVisible = 0;
			defaultConfigurationName = Release;
		};
/* End XCConfigurationList section */
	};
	rootObject = 003630E61B27C620007691A1 /* Project object */;
}
